version: 0.137.0
dependencies:
- name: grafana
  repository: https://grafana.github.io/helm-charts
  version: 6.6.2
- name: longhorn
  repository: git+https://github.com/longhorn/longhorn.git@chart?ref=master
  version: 1.1.0
- name: metallb
  repository: https://charts.bitnami.com/bitnami
  version: 2.3.2
- name: metrics-server
  repository: https://charts.bitnami.com/bitnami
  version: 5.8.0
- name: prometheus
  repository: https://prometheus-community.github.io/helm-charts
  version: 13.6.0
digest: sha256:d85fc0eea58ae27b2c5190a963ac06065cb0a439f30916b2e36287232149d307
generated: "2021-03-14T23:43:30.916021564+01:00"
